
Microsoft Visual Studio Solution File, Format Version 12.00
# Visual Studio 2010
Project("{8BC9CEB8-8B4A-11D0-8D11-00A0C91BC942}") = "urg3d", "urg3d\urg3d.vcxproj", "{269630A6-5F78-484F-A729-5CD301B5CABA}"
EndProject
Project("{8BC9CEB8-8B4A-11D0-8D11-00A0C91BC942}") = "high_1_field_data_file", "high_1_field_data_file\high_1_field_data_file.vcxproj", "{3347DEB1-A1EC-4242-8079-233B9E5EB0C3}"
EndProject
Project("{8BC9CEB8-8B4A-11D0-8D11-00A0C91BC942}") = "high_1_frame_4_field_data_file", "high_1_frame_4_field_data_file\high_1_frame_4_field_data_file.vcxproj", "{73C6B311-34B7-416B-8077-14C6C28652BC}"
EndProject
Project("{8BC9CEB8-8B4A-11D0-8D11-00A0C91BC942}") = "high_1_frame_4_vfield_2_hfield_data_file", "high_1_frame_4_vfield_2_hfield_data_file\high_1_frame_4_vfield_2_hfield_data_file.vcxproj", "{42D79524-7FFD-4558-977C-D7BED7A2673B}"
EndProject
Project("{8BC9CEB8-8B4A-11D0-8D11-00A0C91BC942}") = "high_1_line_data_file", "high_1_line_data_file\high_1_line_data_file.vcxproj", "{8FB553B7-7923-4E91-8C3B-1DCF11138377}"
EndProject
Project("{8BC9CEB8-8B4A-11D0-8D11-00A0C91BC942}") = "high_get_version", "high_get_version\high_get_version.vcxproj", "{DEB22608-F28E-4C0C-8B6A-C3381EACF75F}"
EndProject
Project("{8BC9CEB8-8B4A-11D0-8D11-00A0C91BC942}") = "low_get_ax", "low_get_ax\low_get_ax.vcxproj", "{0E0CF842-2C9E-4538-A28B-FAC9AD51AF5A}"
EndProject
Project("{8BC9CEB8-8B4A-11D0-8D11-00A0C91BC942}") = "low_get_multi_data", "low_get_multi_data\low_get_multi_data.vcxproj", "{381A94A0-565F-4AD7-B75E-D2243FECD46F}"
EndProject
Project("{8BC9CEB8-8B4A-11D0-8D11-00A0C91BC942}") = "low_get_ri", "low_get_ri\low_get_ri.vcxproj", "{320D8823-ED97-4CE0-9D6D-0D303C9978AD}"
EndProject
Project("{8BC9CEB8-8B4A-11D0-8D11-00A0C91BC942}") = "low_get_ro", "low_get_ro\low_get_ro.vcxproj", "{62855A5C-355F-4A3C-9C65-85A44A0BF6EE}"
EndProject
Project("{8BC9CEB8-8B4A-11D0-8D11-00A0C91BC942}") = "low_user_request", "low_user_request\low_user_request.vcxproj", "{BB584E86-E7FB-45F3-B1E9-5E5BE1058594}"
EndProject
Project("{8BC9CEB8-8B4A-11D0-8D11-00A0C91BC942}") = "high_get_auxiliary", "high_get_auxiliary\high_get_auxiliary.vcxproj", "{35B882DC-26E3-4284-8FA5-32BD14F166B7}"
	ProjectSection(ProjectDependencies) = postProject
		{269630A6-5F78-484F-A729-5CD301B5CABA} = {269630A6-5F78-484F-A729-5CD301B5CABA}
	EndProjectSection
EndProject
Project("{8BC9CEB8-8B4A-11D0-8D11-00A0C91BC942}") = "low_get_ro_with_error_reboot", "low_get_ro_with_error_reboot\low_get_ro_with_error_reboot.vcxproj", "{089BCCB4-55B9-4671-867D-33388FA8F86A}"
EndProject
Global
	GlobalSection(SolutionConfigurationPlatforms) = preSolution
		Debug|Win32 = Debug|Win32
		Release|Win32 = Release|Win32
	EndGlobalSection
	GlobalSection(ProjectConfigurationPlatforms) = postSolution
		{269630A6-5F78-484F-A729-5CD301B5CABA}.Debug|Win32.ActiveCfg = Debug|Win32
		{269630A6-5F78-484F-A729-5CD301B5CABA}.Debug|Win32.Build.0 = Debug|Win32
		{269630A6-5F78-484F-A729-5CD301B5CABA}.Release|Win32.ActiveCfg = Release|Win32
		{269630A6-5F78-484F-A729-5CD301B5CABA}.Release|Win32.Build.0 = Release|Win32
		{3347DEB1-A1EC-4242-8079-233B9E5EB0C3}.Debug|Win32.ActiveCfg = Debug|Win32
		{3347DEB1-A1EC-4242-8079-233B9E5EB0C3}.Debug|Win32.Build.0 = Debug|Win32
		{3347DEB1-A1EC-4242-8079-233B9E5EB0C3}.Release|Win32.ActiveCfg = Release|Win32
		{3347DEB1-A1EC-4242-8079-233B9E5EB0C3}.Release|Win32.Build.0 = Release|Win32
		{73C6B311-34B7-416B-8077-14C6C28652BC}.Debug|Win32.ActiveCfg = Debug|Win32
		{73C6B311-34B7-416B-8077-14C6C28652BC}.Debug|Win32.Build.0 = Debug|Win32
		{73C6B311-34B7-416B-8077-14C6C28652BC}.Release|Win32.ActiveCfg = Release|Win32
		{73C6B311-34B7-416B-8077-14C6C28652BC}.Release|Win32.Build.0 = Release|Win32
		{42D79524-7FFD-4558-977C-D7BED7A2673B}.Debug|Win32.ActiveCfg = Debug|Win32
		{42D79524-7FFD-4558-977C-D7BED7A2673B}.Debug|Win32.Build.0 = Debug|Win32
		{42D79524-7FFD-4558-977C-D7BED7A2673B}.Release|Win32.ActiveCfg = Release|Win32
		{42D79524-7FFD-4558-977C-D7BED7A2673B}.Release|Win32.Build.0 = Release|Win32
		{8FB553B7-7923-4E91-8C3B-1DCF11138377}.Debug|Win32.ActiveCfg = Debug|Win32
		{8FB553B7-7923-4E91-8C3B-1DCF11138377}.Debug|Win32.Build.0 = Debug|Win32
		{8FB553B7-7923-4E91-8C3B-1DCF11138377}.Release|Win32.ActiveCfg = Release|Win32
		{8FB553B7-7923-4E91-8C3B-1DCF11138377}.Release|Win32.Build.0 = Release|Win32
		{DEB22608-F28E-4C0C-8B6A-C3381EACF75F}.Debug|Win32.ActiveCfg = Debug|Win32
		{DEB22608-F28E-4C0C-8B6A-C3381EACF75F}.Debug|Win32.Build.0 = Debug|Win32
		{DEB22608-F28E-4C0C-8B6A-C3381EACF75F}.Release|Win32.ActiveCfg = Release|Win32
		{DEB22608-F28E-4C0C-8B6A-C3381EACF75F}.Release|Win32.Build.0 = Release|Win32
		{0E0CF842-2C9E-4538-A28B-FAC9AD51AF5A}.Debug|Win32.ActiveCfg = Debug|Win32
		{0E0CF842-2C9E-4538-A28B-FAC9AD51AF5A}.Debug|Win32.Build.0 = Debug|Win32
		{0E0CF842-2C9E-4538-A28B-FAC9AD51AF5A}.Release|Win32.ActiveCfg = Release|Win32
		{0E0CF842-2C9E-4538-A28B-FAC9AD51AF5A}.Release|Win32.Build.0 = Release|Win32
		{381A94A0-565F-4AD7-B75E-D2243FECD46F}.Debug|Win32.ActiveCfg = Debug|Win32
		{381A94A0-565F-4AD7-B75E-D2243FECD46F}.Debug|Win32.Build.0 = Debug|Win32
		{381A94A0-565F-4AD7-B75E-D2243FECD46F}.Release|Win32.ActiveCfg = Release|Win32
		{381A94A0-565F-4AD7-B75E-D2243FECD46F}.Release|Win32.Build.0 = Release|Win32
		{320D8823-ED97-4CE0-9D6D-0D303C9978AD}.Debug|Win32.ActiveCfg = Debug|Win32
		{320D8823-ED97-4CE0-9D6D-0D303C9978AD}.Debug|Win32.Build.0 = Debug|Win32
		{320D8823-ED97-4CE0-9D6D-0D303C9978AD}.Release|Win32.ActiveCfg = Release|Win32
		{320D8823-ED97-4CE0-9D6D-0D303C9978AD}.Release|Win32.Build.0 = Release|Win32
		{62855A5C-355F-4A3C-9C65-85A44A0BF6EE}.Debug|Win32.ActiveCfg = Debug|Win32
		{62855A5C-355F-4A3C-9C65-85A44A0BF6EE}.Debug|Win32.Build.0 = Debug|Win32
		{62855A5C-355F-4A3C-9C65-85A44A0BF6EE}.Release|Win32.ActiveCfg = Release|Win32
		{62855A5C-355F-4A3C-9C65-85A44A0BF6EE}.Release|Win32.Build.0 = Release|Win32
		{BB584E86-E7FB-45F3-B1E9-5E5BE1058594}.Debug|Win32.ActiveCfg = Debug|Win32
		{BB584E86-E7FB-45F3-B1E9-5E5BE1058594}.Debug|Win32.Build.0 = Debug|Win32
		{BB584E86-E7FB-45F3-B1E9-5E5BE1058594}.Release|Win32.ActiveCfg = Release|Win32
		{BB584E86-E7FB-45F3-B1E9-5E5BE1058594}.Release|Win32.Build.0 = Release|Win32
		{35B882DC-26E3-4284-8FA5-32BD14F166B7}.Debug|Win32.ActiveCfg = Debug|Win32
		{35B882DC-26E3-4284-8FA5-32BD14F166B7}.Debug|Win32.Build.0 = Debug|Win32
		{35B882DC-26E3-4284-8FA5-32BD14F166B7}.Release|Win32.ActiveCfg = Release|Win32
		{35B882DC-26E3-4284-8FA5-32BD14F166B7}.Release|Win32.Build.0 = Release|Win32
		{089BCCB4-55B9-4671-867D-33388FA8F86A}.Debug|Win32.ActiveCfg = Debug|Win32
		{089BCCB4-55B9-4671-867D-33388FA8F86A}.Debug|Win32.Build.0 = Debug|Win32
		{089BCCB4-55B9-4671-867D-33388FA8F86A}.Release|Win32.ActiveCfg = Release|Win32
		{089BCCB4-55B9-4671-867D-33388FA8F86A}.Release|Win32.Build.0 = Release|Win32
	EndGlobalSection
	GlobalSection(SolutionProperties) = preSolution
		HideSolutionNode = FALSE
	EndGlobalSection
EndGlobal
